
Microsoft Visual Studio Solution File, Format Version 12.00
# Visual Studio Version 16
VisualStudioVersion = 16.0.31702.278
MinimumVisualStudioVersion = 10.0.40219.1
Project("{FAE04EC0-301F-11D3-BF4B-00C04F79EFBC}") = "UserMaintenance", "UserMaintenance\UserMaintenance.csproj", "{7E8FE279-43B0-4A77-82B1-6F6CAA162D4C}"
EndProject
Global
	GlobalSection(SolutionConfigurationPlatforms) = preSolution
		Debug|Any CPU = Debug|Any CPU
		Release|Any CPU = Release|Any CPU
	EndGlobalSection
	GlobalSection(ProjectConfigurationPlatforms) = postSolution
		{7E8FE279-43B0-4A77-82B1-6F6CAA162D4C}.Debug|Any CPU.ActiveCfg = Debug|Any CPU
		{7E8FE279-43B0-4A77-82B1-6F6CAA162D4C}.Debug|Any CPU.Build.0 = Debug|Any CPU
		{7E8FE279-43B0-4A77-82B1-6F6CAA162D4C}.Release|Any CPU.ActiveCfg = Release|Any CPU
		{7E8FE279-43B0-4A77-82B1-6F6CAA162D4C}.Release|Any CPU.Build.0 = Release|Any CPU
	EndGlobalSection
	GlobalSection(SolutionProperties) = preSolution
		HideSolutionNode = FALSE
	EndGlobalSection
	GlobalSection(ExtensibilityGlobals) = postSolution
		SolutionGuid = {61EE7018-1D8D-4093-81CB-047D6B1BAF94}
	EndGlobalSection
EndGlobal
