
Microsoft Visual Studio Solution File, Format Version 12.00
# Visual Studio Version 16
VisualStudioVersion = 16.0.31911.196
MinimumVisualStudioVersion = 10.0.40219.1
Project("{FAE04EC0-301F-11D3-BF4B-00C04F79EFBC}") = "week10", "week10\week10.csproj", "{64BEAAD6-6C81-4C7A-8E28-E4CEB2FFE66C}"
EndProject
Global
	GlobalSection(SolutionConfigurationPlatforms) = preSolution
		Debug|Any CPU = Debug|Any CPU
		Release|Any CPU = Release|Any CPU
	EndGlobalSection
	GlobalSection(ProjectConfigurationPlatforms) = postSolution
		{64BEAAD6-6C81-4C7A-8E28-E4CEB2FFE66C}.Debug|Any CPU.ActiveCfg = Debug|Any CPU
		{64BEAAD6-6C81-4C7A-8E28-E4CEB2FFE66C}.Debug|Any CPU.Build.0 = Debug|Any CPU
		{64BEAAD6-6C81-4C7A-8E28-E4CEB2FFE66C}.Release|Any CPU.ActiveCfg = Release|Any CPU
		{64BEAAD6-6C81-4C7A-8E28-E4CEB2FFE66C}.Release|Any CPU.Build.0 = Release|Any CPU
	EndGlobalSection
	GlobalSection(SolutionProperties) = preSolution
		HideSolutionNode = FALSE
	EndGlobalSection
	GlobalSection(ExtensibilityGlobals) = postSolution
		SolutionGuid = {AA421D03-2D2B-4509-9CED-F29490E97769}
	EndGlobalSection
EndGlobal
