
Microsoft Visual Studio Solution File, Format Version 12.00
# Visual Studio Version 16
VisualStudioVersion = 16.0.31729.503
MinimumVisualStudioVersion = 10.0.40219.1
Project("{FAE04EC0-301F-11D3-BF4B-00C04F79EFBC}") = "week06", "week06\week06.csproj", "{682211D7-F501-45F0-A78D-0B544822E623}"
EndProject
Global
	GlobalSection(SolutionConfigurationPlatforms) = preSolution
		Debug|Any CPU = Debug|Any CPU
		Release|Any CPU = Release|Any CPU
	EndGlobalSection
	GlobalSection(ProjectConfigurationPlatforms) = postSolution
		{682211D7-F501-45F0-A78D-0B544822E623}.Debug|Any CPU.ActiveCfg = Debug|Any CPU
		{682211D7-F501-45F0-A78D-0B544822E623}.Debug|Any CPU.Build.0 = Debug|Any CPU
		{682211D7-F501-45F0-A78D-0B544822E623}.Release|Any CPU.ActiveCfg = Release|Any CPU
		{682211D7-F501-45F0-A78D-0B544822E623}.Release|Any CPU.Build.0 = Release|Any CPU
	EndGlobalSection
	GlobalSection(SolutionProperties) = preSolution
		HideSolutionNode = FALSE
	EndGlobalSection
	GlobalSection(ExtensibilityGlobals) = postSolution
		SolutionGuid = {BE445F09-2E40-4B8C-BBF5-A96AC3E2C240}
	EndGlobalSection
EndGlobal
